
Microsoft Visual Studio Solution File, Format Version 12.00
# Visual Studio Version 17
VisualStudioVersion = 17.3.32901.215
MinimumVisualStudioVersion = 10.0.40219.1
Project("{9A19103F-16F7-4668-BE54-9A1E7A4F7556}") = "CLIENTES", "CLIENTES.csproj", "{932A8908-8542-42C8-8112-4B8BF1946984}"
EndProject
Project("{9A19103F-16F7-4668-BE54-9A1E7A4F7556}") = "Data", "..\Data\Data.csproj", "{8D51B50E-C43F-4249-991E-CCBA947580E7}"
EndProject
Project("{9A19103F-16F7-4668-BE54-9A1E7A4F7556}") = "Domain", "..\Domain\Domain.csproj", "{1308E469-B7A1-402E-AAC4-FC91496E8D63}"
EndProject
Project("{9A19103F-16F7-4668-BE54-9A1E7A4F7556}") = "Services", "..\Services\Services.csproj", "{0B2CBDCA-E3BD-4E05-B98F-527515977A67}"
EndProject
Project("{FAE04EC0-301F-11D3-BF4B-00C04F79EFBC}") = "CrossCutting", "..\CrossCutting\CrossCutting.csproj", "{3DD3C4D9-25E8-4D59-88B8-0040781E8F1F}"
EndProject
Global
	GlobalSection(SolutionConfigurationPlatforms) = preSolution
		Debug|Any CPU = Debug|Any CPU
		Release|Any CPU = Release|Any CPU
	EndGlobalSection
	GlobalSection(ProjectConfigurationPlatforms) = postSolution
		{932A8908-8542-42C8-8112-4B8BF1946984}.Debug|Any CPU.ActiveCfg = Debug|Any CPU
		{932A8908-8542-42C8-8112-4B8BF1946984}.Debug|Any CPU.Build.0 = Debug|Any CPU
		{932A8908-8542-42C8-8112-4B8BF1946984}.Release|Any CPU.ActiveCfg = Release|Any CPU
		{932A8908-8542-42C8-8112-4B8BF1946984}.Release|Any CPU.Build.0 = Release|Any CPU
		{8D51B50E-C43F-4249-991E-CCBA947580E7}.Debug|Any CPU.ActiveCfg = Debug|Any CPU
		{8D51B50E-C43F-4249-991E-CCBA947580E7}.Debug|Any CPU.Build.0 = Debug|Any CPU
		{8D51B50E-C43F-4249-991E-CCBA947580E7}.Release|Any CPU.ActiveCfg = Release|Any CPU
		{8D51B50E-C43F-4249-991E-CCBA947580E7}.Release|Any CPU.Build.0 = Release|Any CPU
		{1308E469-B7A1-402E-AAC4-FC91496E8D63}.Debug|Any CPU.ActiveCfg = Debug|Any CPU
		{1308E469-B7A1-402E-AAC4-FC91496E8D63}.Debug|Any CPU.Build.0 = Debug|Any CPU
		{1308E469-B7A1-402E-AAC4-FC91496E8D63}.Release|Any CPU.ActiveCfg = Release|Any CPU
		{1308E469-B7A1-402E-AAC4-FC91496E8D63}.Release|Any CPU.Build.0 = Release|Any CPU
		{0B2CBDCA-E3BD-4E05-B98F-527515977A67}.Debug|Any CPU.ActiveCfg = Debug|Any CPU
		{0B2CBDCA-E3BD-4E05-B98F-527515977A67}.Debug|Any CPU.Build.0 = Debug|Any CPU
		{0B2CBDCA-E3BD-4E05-B98F-527515977A67}.Release|Any CPU.ActiveCfg = Release|Any CPU
		{0B2CBDCA-E3BD-4E05-B98F-527515977A67}.Release|Any CPU.Build.0 = Release|Any CPU
		{3DD3C4D9-25E8-4D59-88B8-0040781E8F1F}.Debug|Any CPU.ActiveCfg = Debug|Any CPU
		{3DD3C4D9-25E8-4D59-88B8-0040781E8F1F}.Debug|Any CPU.Build.0 = Debug|Any CPU
		{3DD3C4D9-25E8-4D59-88B8-0040781E8F1F}.Release|Any CPU.ActiveCfg = Release|Any CPU
		{3DD3C4D9-25E8-4D59-88B8-0040781E8F1F}.Release|Any CPU.Build.0 = Release|Any CPU
	EndGlobalSection
	GlobalSection(SolutionProperties) = preSolution
		HideSolutionNode = FALSE
	EndGlobalSection
	GlobalSection(ExtensibilityGlobals) = postSolution
		SolutionGuid = {65FE2308-DD70-41FE-A50F-147F52DDE59E}
	EndGlobalSection
EndGlobal
